// !$*UTF8*$!
{
	archiveVersion = 1;
	classes = {
	};
	objectVersion = 46;
	objects = {

/* Begin PBXBuildFile section */
		5EBF4C871882E47B0055BED4 /* Foundation.framework in Frameworks */ = {isa = PBXBuildFile; fileRef = 5EBF4C861882E47B0055BED4 /* Foundation.framework */; };
		5EBF4C891882E47B0055BED4 /* CoreGraphics.framework in Frameworks */ = {isa = PBXBuildFile; fileRef = 5EBF4C881882E47B0055BED4 /* CoreGraphics.framework */; };
		5EBF4C8B1882E47B0055BED4 /* UIKit.framework in Frameworks */ = {isa = PBXBuildFile; fileRef = 5EBF4C8A1882E47B0055BED4 /* UIKit.framework */; };
		5EBF4C911882E47B0055BED4 /* InfoPlist.strings in Resources */ = {isa = PBXBuildFile; fileRef = 5EBF4C8F1882E47B0055BED4 /* InfoPlist.strings */; };
		5EBF4C931882E47B0055BED4 /* main.m in Sources */ = {isa = PBXBuildFile; fileRef = 5EBF4C921882E47B0055BED4 /* main.m */; };
		5EBF4C971882E47B0055BED4 /* ASHAppDelegate.m in Sources */ = {isa = PBXBuildFile; fileRef = 5EBF4C961882E47B0055BED4 /* ASHAppDelegate.m */; };
		5EBF4C9A1882E47B0055BED4 /* Main.storyboard in Resources */ = {isa = PBXBuildFile; fileRef = 5EBF4C981882E47B0055BED4 /* Main.storyboard */; };
		5EBF4C9D1882E47B0055BED4 /* ASHViewController.m in Sources */ = {isa = PBXBuildFile; fileRef = 5EBF4C9C1882E47B0055BED4 /* ASHViewController.m */; };
		5EBF4C9F1882E47B0055BED4 /* Images.xcassets in Resources */ = {isa = PBXBuildFile; fileRef = 5EBF4C9E1882E47B0055BED4 /* Images.xcassets */; };
		5EBF4CA61882E47B0055BED4 /* XCTest.framework in Frameworks */ = {isa = PBXBuildFile; fileRef = 5EBF4CA51882E47B0055BED4 /* XCTest.framework */; };
		5EBF4CA71882E47B0055BED4 /* Foundation.framework in Frameworks */ = {isa = PBXBuildFile; fileRef = 5EBF4C861882E47B0055BED4 /* Foundation.framework */; };
		5EBF4CA81882E47B0055BED4 /* UIKit.framework in Frameworks */ = {isa = PBXBuildFile; fileRef = 5EBF4C8A1882E47B0055BED4 /* UIKit.framework */; };
		5EBF4CB01882E47B0055BED4 /* InfoPlist.strings in Resources */ = {isa = PBXBuildFile; fileRef = 5EBF4CAE1882E47B0055BED4 /* InfoPlist.strings */; };
		5EBF4CB21882E47B0055BED4 /* FunctionalDemoTests.m in Sources */ = {isa = PBXBuildFile; fileRef = 5EBF4CB11882E47B0055BED4 /* FunctionalDemoTests.m */; };
/* End PBXBuildFile section */

/* Begin PBXContainerItemProxy section */
		5EBF4CA91882E47B0055BED4 /* PBXContainerItemProxy */ = {
			isa = PBXContainerItemProxy;
			containerPortal = 5EBF4C7B1882E47B0055BED4 /* Project object */;
			proxyType = 1;
			remoteGlobalIDString = 5EBF4C821882E47B0055BED4;
			remoteInfo = FunctionalDemo;
		};
/* End PBXContainerItemProxy section */

/* Begin PBXFileReference section */
		5EBF4C831882E47B0055BED4 /* FunctionalDemo.app */ = {isa = PBXFileReference; explicitFileType = wrapper.application; includeInIndex = 0; path = FunctionalDemo.app; sourceTree = BUILT_PRODUCTS_DIR; };
		5EBF4C861882E47B0055BED4 /* Foundation.framework */ = {isa = PBXFileReference; lastKnownFileType = wrapper.framework; name = Foundation.framework; path = System/Library/Frameworks/Foundation.framework; sourceTree = SDKROOT; };
		5EBF4C881882E47B0055BED4 /* CoreGraphics.framework */ = {isa = PBXFileReference; lastKnownFileType = wrapper.framework; name = CoreGraphics.framework; path = System/Library/Frameworks/CoreGraphics.framework; sourceTree = SDKROOT; };
		5EBF4C8A1882E47B0055BED4 /* UIKit.framework */ = {isa = PBXFileReference; lastKnownFileType = wrapper.framework; name = UIKit.framework; path = System/Library/Frameworks/UIKit.framework; sourceTree = SDKROOT; };
		5EBF4C8E1882E47B0055BED4 /* FunctionalDemo-Info.plist */ = {isa = PBXFileReference; lastKnownFileType = text.plist.xml; path = "FunctionalDemo-Info.plist"; sourceTree = "<group>"; };
		5EBF4C901882E47B0055BED4 /* en */ = {isa = PBXFileReference; lastKnownFileType = text.plist.strings; name = en; path = en.lproj/InfoPlist.strings; sourceTree = "<group>"; };
		5EBF4C921882E47B0055BED4 /* main.m */ = {isa = PBXFileReference; lastKnownFileType = sourcecode.c.objc; path = main.m; sourceTree = "<group>"; };
		5EBF4C941882E47B0055BED4 /* FunctionalDemo-Prefix.pch */ = {isa = PBXFileReference; lastKnownFileType = sourcecode.c.h; path = "FunctionalDemo-Prefix.pch"; sourceTree = "<group>"; };
		5EBF4C951882E47B0055BED4 /* ASHAppDelegate.h */ = {isa = PBXFileReference; lastKnownFileType = sourcecode.c.h; path = ASHAppDelegate.h; sourceTree = "<group>"; };
		5EBF4C961882E47B0055BED4 /* ASHAppDelegate.m */ = {isa = PBXFileReference; lastKnownFileType = sourcecode.c.objc; path = ASHAppDelegate.m; sourceTree = "<group>"; };
		5EBF4C991882E47B0055BED4 /* Base */ = {isa = PBXFileReference; lastKnownFileType = file.storyboard; name = Base; path = Base.lproj/Main.storyboard; sourceTree = "<group>"; };
		5EBF4C9B1882E47B0055BED4 /* ASHViewController.h */ = {isa = PBXFileReference; lastKnownFileType = sourcecode.c.h; path = ASHViewController.h; sourceTree = "<group>"; };
		5EBF4C9C1882E47B0055BED4 /* ASHViewController.m */ = {isa = PBXFileReference; lastKnownFileType = sourcecode.c.objc; path = ASHViewController.m; sourceTree = "<group>"; };
		5EBF4C9E1882E47B0055BED4 /* Images.xcassets */ = {isa = PBXFileReference; lastKnownFileType = folder.assetcatalog; path = Images.xcassets; sourceTree = "<group>"; };
		5EBF4CA41882E47B0055BED4 /* FunctionalDemoTests.xctest */ = {isa = PBXFileReference; explicitFileType = wrapper.cfbundle; includeInIndex = 0; path = FunctionalDemoTests.xctest; sourceTree = BUILT_PRODUCTS_DIR; };
		5EBF4CA51882E47B0055BED4 /* XCTest.framework */ = {isa = PBXFileReference; lastKnownFileType = wrapper.framework; name = XCTest.framework; path = Library/Frameworks/XCTest.framework; sourceTree = DEVELOPER_DIR; };
		5EBF4CAD1882E47B0055BED4 /* FunctionalDemoTests-Info.plist */ = {isa = PBXFileReference; lastKnownFileType = text.plist.xml; path = "FunctionalDemoTests-Info.plist"; sourceTree = "<group>"; };
		5EBF4CAF1882E47B0055BED4 /* en */ = {isa = PBXFileReference; lastKnownFileType = text.plist.strings; name = en; path = en.lproj/InfoPlist.strings; sourceTree = "<group>"; };
		5EBF4CB11882E47B0055BED4 /* FunctionalDemoTests.m */ = {isa = PBXFileReference; lastKnownFileType = sourcecode.c.objc; path = FunctionalDemoTests.m; sourceTree = "<group>"; };
/* End PBXFileReference section */

/* Begin PBXFrameworksBuildPhase section */
		5EBF4C801882E47B0055BED4 /* Frameworks */ = {
			isa = PBXFrameworksBuildPhase;
			buildActionMask = 2147483647;
			files = (
				5EBF4C891882E47B0055BED4 /* CoreGraphics.framework in Frameworks */,
				5EBF4C8B1882E47B0055BED4 /* UIKit.framework in Frameworks */,
				5EBF4C871882E47B0055BED4 /* Foundation.framework in Frameworks */,
			);
			runOnlyForDeploymentPostprocessing = 0;
		};
		5EBF4CA11882E47B0055BED4 /* Frameworks */ = {
			isa = PBXFrameworksBuildPhase;
			buildActionMask = 2147483647;
			files = (
				5EBF4CA61882E47B0055BED4 /* XCTest.framework in Frameworks */,
				5EBF4CA81882E47B0055BED4 /* UIKit.framework in Frameworks */,
				5EBF4CA71882E47B0055BED4 /* Foundation.framework in Frameworks */,
			);
			runOnlyForDeploymentPostprocessing = 0;
		};
/* End PBXFrameworksBuildPhase section */

/* Begin PBXGroup section */
		5EBF4C7A1882E47A0055BED4 = {
			isa = PBXGroup;
			children = (
				5EBF4C8C1882E47B0055BED4 /* FunctionalDemo */,
				5EBF4CAB1882E47B0055BED4 /* FunctionalDemoTests */,
				5EBF4C851882E47B0055BED4 /* Frameworks */,
				5EBF4C841882E47B0055BED4 /* Products */,
			);
			sourceTree = "<group>";
		};
		5EBF4C841882E47B0055BED4 /* Products */ = {
			isa = PBXGroup;
			children = (
				5EBF4C831882E47B0055BED4 /* FunctionalDemo.app */,
				5EBF4CA41882E47B0055BED4 /* FunctionalDemoTests.xctest */,
			);
			name = Products;
			sourceTree = "<group>";
		};
		5EBF4C851882E47B0055BED4 /* Frameworks */ = {
			isa = PBXGroup;
			children = (
				5EBF4C861882E47B0055BED4 /* Foundation.framework */,
				5EBF4C881882E47B0055BED4 /* CoreGraphics.framework */,
				5EBF4C8A1882E47B0055BED4 /* UIKit.framework */,
				5EBF4CA51882E47B0055BED4 /* XCTest.framework */,
			);
			name = Frameworks;
			sourceTree = "<group>";
		};
		5EBF4C8C1882E47B0055BED4 /* FunctionalDemo */ = {
			isa = PBXGroup;
			children = (
				5EBF4C951882E47B0055BED4 /* ASHAppDelegate.h */,
				5EBF4C961882E47B0055BED4 /* ASHAppDelegate.m */,
				5EBF4C981882E47B0055BED4 /* Main.storyboard */,
				5EBF4C9B1882E47B0055BED4 /* ASHViewController.h */,
				5EBF4C9C1882E47B0055BED4 /* ASHViewController.m */,
				5EBF4C9E1882E47B0055BED4 /* Images.xcassets */,
				5EBF4C8D1882E47B0055BED4 /* Supporting Files */,
			);
			path = FunctionalDemo;
			sourceTree = "<group>";
		};
		5EBF4C8D1882E47B0055BED4 /* Supporting Files */ = {
			isa = PBXGroup;
			children = (
				5EBF4C8E1882E47B0055BED4 /* FunctionalDemo-Info.plist */,
				5EBF4C8F1882E47B0055BED4 /* InfoPlist.strings */,
				5EBF4C921882E47B0055BED4 /* main.m */,
				5EBF4C941882E47B0055BED4 /* FunctionalDemo-Prefix.pch */,
			);
			name = "Supporting Files";
			sourceTree = "<group>";
		};
		5EBF4CAB1882E47B0055BED4 /* FunctionalDemoTests */ = {
			isa = PBXGroup;
			children = (
				5EBF4CB11882E47B0055BED4 /* FunctionalDemoTests.m */,
				5EBF4CAC1882E47B0055BED4 /* Supporting Files */,
			);
			path = FunctionalDemoTests;
			sourceTree = "<group>";
		};
		5EBF4CAC1882E47B0055BED4 /* Supporting Files */ = {
			isa = PBXGroup;
			children = (
				5EBF4CAD1882E47B0055BED4 /* FunctionalDemoTests-Info.plist */,
				5EBF4CAE1882E47B0055BED4 /* InfoPlist.strings */,
			);
			name = "Supporting Files";
			sourceTree = "<group>";
		};
/* End PBXGroup section */

/* Begin PBXNativeTarget section */
		5EBF4C821882E47B0055BED4 /* FunctionalDemo */ = {
			isa = PBXNativeTarget;
			buildConfigurationList = 5EBF4CB51882E47B0055BED4 /* Build configuration list for PBXNativeTarget "FunctionalDemo" */;
			buildPhases = (
				5EBF4C7F1882E47B0055BED4 /* Sources */,
				5EBF4C801882E47B0055BED4 /* Frameworks */,
				5EBF4C811882E47B0055BED4 /* Resources */,
			);
			buildRules = (
			);
			dependencies = (
			);
			name = FunctionalDemo;
			productName = FunctionalDemo;
			productReference = 5EBF4C831882E47B0055BED4 /* FunctionalDemo.app */;
			productType = "com.apple.product-type.application";
		};
		5EBF4CA31882E47B0055BED4 /* FunctionalDemoTests */ = {
			isa = PBXNativeTarget;
			buildConfigurationList = 5EBF4CB81882E47B0055BED4 /* Build configuration list for PBXNativeTarget "FunctionalDemoTests" */;
			buildPhases = (
				5EBF4CA01882E47B0055BED4 /* Sources */,
				5EBF4CA11882E47B0055BED4 /* Frameworks */,
				5EBF4CA21882E47B0055BED4 /* Resources */,
			);
			buildRules = (
			);
			dependencies = (
				5EBF4CAA1882E47B0055BED4 /* PBXTargetDependency */,
			);
			name = FunctionalDemoTests;
			productName = FunctionalDemoTests;
			productReference = 5EBF4CA41882E47B0055BED4 /* FunctionalDemoTests.xctest */;
			productType = "com.apple.product-type.bundle.unit-test";
		};
/* End PBXNativeTarget section */

/* Begin PBXProject section */
		5EBF4C7B1882E47B0055BED4 /* Project object */ = {
			isa = PBXProject;
			attributes = {
				CLASSPREFIX = ASH;
				LastUpgradeCheck = 0500;
				ORGANIZATIONNAME = "Ash Furrow";
				TargetAttributes = {
					5EBF4CA31882E47B0055BED4 = {
						TestTargetID = 5EBF4C821882E47B0055BED4;
					};
				};
			};
			buildConfigurationList = 5EBF4C7E1882E47B0055BED4 /* Build configuration list for PBXProject "FunctionalDemo" */;
			compatibilityVersion = "Xcode 3.2";
			developmentRegion = English;
			hasScannedForEncodings = 0;
			knownRegions = (
				en,
				Base,
			);
			mainGroup = 5EBF4C7A1882E47A0055BED4;
			productRefGroup = 5EBF4C841882E47B0055BED4 /* Products */;
			projectDirPath = "";
			projectRoot = "";
			targets = (
				5EBF4C821882E47B0055BED4 /* FunctionalDemo */,
				5EBF4CA31882E47B0055BED4 /* FunctionalDemoTests */,
			);
		};
/* End PBXProject section */

/* Begin PBXResourcesBuildPhase section */
		5EBF4C811882E47B0055BED4 /* Resources */ = {
			isa = PBXResourcesBuildPhase;
			buildActionMask = 2147483647;
			files = (
				5EBF4C9F1882E47B0055BED4 /* Images.xcassets in Resources */,
				5EBF4C911882E47B0055BED4 /* InfoPlist.strings in Resources */,
				5EBF4C9A1882E47B0055BED4 /* Main.storyboard in Resources */,
			);
			runOnlyForDeploymentPostprocessing = 0;
		};
		5EBF4CA21882E47B0055BED4 /* Resources */ = {
			isa = PBXResourcesBuildPhase;
			buildActionMask = 2147483647;
			files = (
				5EBF4CB01882E47B0055BED4 /* InfoPlist.strings in Resources */,
			);
			runOnlyForDeploymentPostprocessing = 0;
		};
/* End PBXResourcesBuildPhase section */

/* Begin PBXSourcesBuildPhase section */
		5EBF4C7F1882E47B0055BED4 /* Sources */ = {
			isa = PBXSourcesBuildPhase;
			buildActionMask = 2147483647;
			files = (
				5EBF4C931882E47B0055BED4 /* main.m in Sources */,
				5EBF4C971882E47B0055BED4 /* ASHAppDelegate.m in Sources */,
				5EBF4C9D1882E47B0055BED4 /* ASHViewController.m in Sources */,
			);
			runOnlyForDeploymentPostprocessing = 0;
		};
		5EBF4CA01882E47B0055BED4 /* Sources */ = {
			isa = PBXSourcesBuildPhase;
			buildActionMask = 2147483647;
			files = (
				5EBF4CB21882E47B0055BED4 /* FunctionalDemoTests.m in Sources */,
			);
			runOnlyForDeploymentPostprocessing = 0;
		};
/* End PBXSourcesBuildPhase section */

/* Begin PBXTargetDependency section */
		5EBF4CAA1882E47B0055BED4 /* PBXTargetDependency */ = {
			isa = PBXTargetDependency;
			target = 5EBF4C821882E47B0055BED4 /* FunctionalDemo */;
			targetProxy = 5EBF4CA91882E47B0055BED4 /* PBXContainerItemProxy */;
		};
/* End PBXTargetDependency section */

/* Begin PBXVariantGroup section */
		5EBF4C8F1882E47B0055BED4 /* InfoPlist.strings */ = {
			isa = PBXVariantGroup;
			children = (
				5EBF4C901882E47B0055BED4 /* en */,
			);
			name = InfoPlist.strings;
			sourceTree = "<group>";
		};
		5EBF4C981882E47B0055BED4 /* Main.storyboard */ = {
			isa = PBXVariantGroup;
			children = (
				5EBF4C991882E47B0055BED4 /* Base */,
			);
			name = Main.storyboard;
			sourceTree = "<group>";
		};
		5EBF4CAE1882E47B0055BED4 /* InfoPlist.strings */ = {
			isa = PBXVariantGroup;
			children = (
				5EBF4CAF1882E47B0055BED4 /* en */,
			);
			name = InfoPlist.strings;
			sourceTree = "<group>";
		};
/* End PBXVariantGroup section */

/* Begin XCBuildConfiguration section */
		5EBF4CB31882E47B0055BED4 /* Debug */ = {
			isa = XCBuildConfiguration;
			buildSettings = {
				ALWAYS_SEARCH_USER_PATHS = NO;
				ARCHS = "$(ARCHS_STANDARD_INCLUDING_64_BIT)";
				CLANG_CXX_LANGUAGE_STANDARD = "gnu++0x";
				CLANG_CXX_LIBRARY = "libc++";
				CLANG_ENABLE_MODULES = YES;
				CLANG_ENABLE_OBJC_ARC = YES;
				CLANG_WARN_BOOL_CONVERSION = YES;
				CLANG_WARN_CONSTANT_CONVERSION = YES;
				CLANG_WARN_DIRECT_OBJC_ISA_USAGE = YES_ERROR;
				CLANG_WARN_EMPTY_BODY = YES;
				CLANG_WARN_ENUM_CONVERSION = YES;
				CLANG_WARN_INT_CONVERSION = YES;
				CLANG_WARN_OBJC_ROOT_CLASS = YES_ERROR;
				CLANG_WARN__DUPLICATE_METHOD_MATCH = YES;
				"CODE_SIGN_IDENTITY[sdk=iphoneos*]" = "iPhone Developer";
				COPY_PHASE_STRIP = NO;
				GCC_C_LANGUAGE_STANDARD = gnu99;
				GCC_DYNAMIC_NO_PIC = NO;
				GCC_OPTIMIZATION_LEVEL = 0;
				GCC_PREPROCESSOR_DEFINITIONS = (
					"DEBUG=1",
					"$(inherited)",
				);
				GCC_SYMBOLS_PRIVATE_EXTERN = NO;
				GCC_WARN_64_TO_32_BIT_CONVERSION = YES;
				GCC_WARN_ABOUT_RETURN_TYPE = YES_ERROR;
				GCC_WARN_UNDECLARED_SELECTOR = YES;
				GCC_WARN_UNINITIALIZED_AUTOS = YES;
				GCC_WARN_UNUSED_FUNCTION = YES;
				GCC_WARN_UNUSED_VARIABLE = YES;
				IPHONEOS_DEPLOYMENT_TARGET = 7.0;
				ONLY_ACTIVE_ARCH = YES;
				SDKROOT = iphoneos;
			};
			name = Debug;
		};
		5EBF4CB41882E47B0055BED4 /* Release */ = {
			isa = XCBuildConfiguration;
			buildSettings = {
				ALWAYS_SEARCH_USER_PATHS = NO;
				ARCHS = "$(ARCHS_STANDARD_INCLUDING_64_BIT)";
				CLANG_CXX_LANGUAGE_STANDARD = "gnu++0x";
				CLANG_CXX_LIBRARY = "libc++";
				CLANG_ENABLE_MODULES = YES;
				CLANG_ENABLE_OBJC_ARC = YES;
				CLANG_WARN_BOOL_CONVERSION = YES;
				CLANG_WARN_CONSTANT_CONVERSION = YES;
				CLANG_WARN_DIRECT_OBJC_ISA_USAGE = YES_ERROR;
				CLANG_WARN_EMPTY_BODY = YES;
				CLANG_WARN_ENUM_CONVERSION = YES;
				CLANG_WARN_INT_CONVERSION = YES;
				CLANG_WARN_OBJC_ROOT_CLASS = YES_ERROR;
				CLANG_WARN__DUPLICATE_METHOD_MATCH = YES;
				"CODE_SIGN_IDENTITY[sdk=iphoneos*]" = "iPhone Developer";
				COPY_PHASE_STRIP = YES;
				ENABLE_NS_ASSERTIONS = NO;
				GCC_C_LANGUAGE_STANDARD = gnu99;
				GCC_WARN_64_TO_32_BIT_CONVERSION = YES;
				GCC_WARN_ABOUT_RETURN_TYPE = YES_ERROR;
				GCC_WARN_UNDECLARED_SELECTOR = YES;
				GCC_WARN_UNINITIALIZED_AUTOS = YES;
				GCC_WARN_UNUSED_FUNCTION = YES;
				GCC_WARN_UNUSED_VARIABLE = YES;
				IPHONEOS_DEPLOYMENT_TARGET = 7.0;
				SDKROOT = iphoneos;
				VALIDATE_PRODUCT = YES;
			};
			name = Release;
		};
		5EBF4CB61882E47B0055BED4 /* Debug */ = {
			isa = XCBuildConfiguration;
			buildSettings = {
				ASSETCATALOG_COMPILER_APPICON_NAME = AppIcon;
				ASSETCATALOG_COMPILER_LAUNCHIMAGE_NAME = LaunchImage;
				GCC_PRECOMPILE_PREFIX_HEADER = YES;
				GCC_PREFIX_HEADER = "FunctionalDemo/FunctionalDemo-Prefix.pch";
				INFOPLIST_FILE = "FunctionalDemo/FunctionalDemo-Info.plist";
				PRODUCT_NAME = "$(TARGET_NAME)";
				WRAPPER_EXTENSION = app;
			};
			name = Debug;
		};
		5EBF4CB71882E47B0055BED4 /* Release */ = {
			isa = XCBuildConfiguration;
			buildSettings = {
				ASSETCATALOG_COMPILER_APPICON_NAME = AppIcon;
				ASSETCATALOG_COMPILER_LAUNCHIMAGE_NAME = LaunchImage;
				GCC_PRECOMPILE_PREFIX_HEADER = YES;
				GCC_PREFIX_HEADER = "FunctionalDemo/FunctionalDemo-Prefix.pch";
				INFOPLIST_FILE = "FunctionalDemo/FunctionalDemo-Info.plist";
				PRODUCT_NAME = "$(TARGET_NAME)";
				WRAPPER_EXTENSION = app;
			};
			name = Release;
		};
		5EBF4CB91882E47B0055BED4 /* Debug */ = {
			isa = XCBuildConfiguration;
			buildSettings = {
				ARCHS = "$(ARCHS_STANDARD_INCLUDING_64_BIT)";
				BUNDLE_LOADER = "$(BUILT_PRODUCTS_DIR)/FunctionalDemo.app/FunctionalDemo";
				FRAMEWORK_SEARCH_PATHS = (
					"$(SDKROOT)/Developer/Library/Frameworks",
					"$(inherited)",
					"$(DEVELOPER_FRAMEWORKS_DIR)",
				);
				GCC_PRECOMPILE_PREFIX_HEADER = YES;
				GCC_PREFIX_HEADER = "FunctionalDemo/FunctionalDemo-Prefix.pch";
				GCC_PREPROCESSOR_DEFINITIONS = (
					"DEBUG=1",
					"$(inherited)",
				);
				INFOPLIST_FILE = "FunctionalDemoTests/FunctionalDemoTests-Info.plist";
				PRODUCT_NAME = "$(TARGET_NAME)";
				TEST_HOST = "$(BUNDLE_LOADER)";
				WRAPPER_EXTENSION = xctest;
			};
			name = Debug;
		};
		5EBF4CBA1882E47B0055BED4 /* Release */ = {
			isa = XCBuildConfiguration;
			buildSettings = {
				ARCHS = "$(ARCHS_STANDARD_INCLUDING_64_BIT)";
				BUNDLE_LOADER = "$(BUILT_PRODUCTS_DIR)/FunctionalDemo.app/FunctionalDemo";
				FRAMEWORK_SEARCH_PATHS = (
					"$(SDKROOT)/Developer/Library/Frameworks",
					"$(inherited)",
					"$(DEVELOPER_FRAMEWORKS_DIR)",
				);
				GCC_PRECOMPILE_PREFIX_HEADER = YES;
				GCC_PREFIX_HEADER = "FunctionalDemo/FunctionalDemo-Prefix.pch";
				INFOPLIST_FILE = "FunctionalDemoTests/FunctionalDemoTests-Info.plist";
				PRODUCT_NAME = "$(TARGET_NAME)";
				TEST_HOST = "$(BUNDLE_LOADER)";
				WRAPPER_EXTENSION = xctest;
			};
			name = Release;
		};
/* End XCBuildConfiguration section */

/* Begin XCConfigurationList section */
		5EBF4C7E1882E47B0055BED4 /* Build configuration list for PBXProject "FunctionalDemo" */ = {
			isa = XCConfigurationList;
			buildConfigurations = (
				5EBF4CB31882E47B0055BED4 /* Debug */,
				5EBF4CB41882E47B0055BED4 /* Release */,
			);
			defaultConfigurationIsVisible = 0;
			defaultConfigurationName = Release;
		};
		5EBF4CB51882E47B0055BED4 /* Build configuration list for PBXNativeTarget "FunctionalDemo" */ = {
			isa = XCConfigurationList;
			buildConfigurations = (
				5EBF4CB61882E47B0055BED4 /* Debug */,
				5EBF4CB71882E47B0055BED4 /* Release */,
			);
			defaultConfigurationIsVisible = 0;
		};
		5EBF4CB81882E47B0055BED4 /* Build configuration list for PBXNativeTarget "FunctionalDemoTests" */ = {
			isa = XCConfigurationList;
			buildConfigurations = (
				5EBF4CB91882E47B0055BED4 /* Debug */,
				5EBF4CBA1882E47B0055BED4 /* Release */,
			);
			defaultConfigurationIsVisible = 0;
		};
/* End XCConfigurationList section */
	};
	rootObject = 5EBF4C7B1882E47B0055BED4 /* Project object */;
}
